// !$*UTF8*$!
{
	archiveVersion = 1;
	classes = {
	};
	objectVersion = 50;
	objects = {

/* Begin PBXBuildFile section */
		AAAB13FC22B3C5AA00081A13 /* AppDelegate.swift in Sources */ = {isa = PBXBuildFile; fileRef = AAAB13FB22B3C5AA00081A13 /* AppDelegate.swift */; };
		AAAB13FE22B3C5AA00081A13 /* ViewController.swift in Sources */ = {isa = PBXBuildFile; fileRef = AAAB13FD22B3C5AA00081A13 /* ViewController.swift */; };
		AAAB140122B3C5AA00081A13 /* Main.storyboard in Resources */ = {isa = PBXBuildFile; fileRef = AAAB13FF22B3C5AA00081A13 /* Main.storyboard */; };
		AAAB140422B3C5AA00081A13 /* RecordTest.xcdatamodeld in Sources */ = {isa = PBXBuildFile; fileRef = AAAB140222B3C5AA00081A13 /* RecordTest.xcdatamodeld */; };
		AAAB140622B3C5AB00081A13 /* Assets.xcassets in Resources */ = {isa = PBXBuildFile; fileRef = AAAB140522B3C5AB00081A13 /* Assets.xcassets */; };
		AAAB140922B3C5AB00081A13 /* LaunchScreen.storyboard in Resources */ = {isa = PBXBuildFile; fileRef = AAAB140722B3C5AB00081A13 /* LaunchScreen.storyboard */; };
/* End PBXBuildFile section */

/* Begin PBXFileReference section */
		AAAB13F822B3C5AA00081A13 /* RecordTest.app */ = {isa = PBXFileReference; explicitFileType = wrapper.application; includeInIndex = 0; path = RecordTest.app; sourceTree = BUILT_PRODUCTS_DIR; };
		AAAB13FB22B3C5AA00081A13 /* AppDelegate.swift */ = {isa = PBXFileReference; lastKnownFileType = sourcecode.swift; path = AppDelegate.swift; sourceTree = "<group>"; };
		AAAB13FD22B3C5AA00081A13 /* ViewController.swift */ = {isa = PBXFileReference; lastKnownFileType = sourcecode.swift; path = ViewController.swift; sourceTree = "<group>"; };
		AAAB140022B3C5AA00081A13 /* Base */ = {isa = PBXFileReference; lastKnownFileType = file.storyboard; name = Base; path = Base.lproj/Main.storyboard; sourceTree = "<group>"; };
		AAAB140322B3C5AA00081A13 /* RecordTest.xcdatamodel */ = {isa = PBXFileReference; lastKnownFileType = wrapper.xcdatamodel; path = RecordTest.xcdatamodel; sourceTree = "<group>"; };
		AAAB140522B3C5AB00081A13 /* Assets.xcassets */ = {isa = PBXFileReference; lastKnownFileType = folder.assetcatalog; path = Assets.xcassets; sourceTree = "<group>"; };
		AAAB140822B3C5AB00081A13 /* Base */ = {isa = PBXFileReference; lastKnownFileType = file.storyboard; name = Base; path = Base.lproj/LaunchScreen.storyboard; sourceTree = "<group>"; };
		AAAB140A22B3C5AC00081A13 /* Info.plist */ = {isa = PBXFileReference; lastKnownFileType = text.plist.xml; path = Info.plist; sourceTree = "<group>"; };
/* End PBXFileReference section */

/* Begin PBXFrameworksBuildPhase section */
		AAAB13F522B3C5AA00081A13 /* Frameworks */ = {
			isa = PBXFrameworksBuildPhase;
			buildActionMask = 2147483647;
			files = (
			);
			runOnlyForDeploymentPostprocessing = 0;
		};
/* End PBXFrameworksBuildPhase section */

/* Begin PBXGroup section */
		AAAB13EF22B3C5AA00081A13 = {
			isa = PBXGroup;
			children = (
				AAAB13FA22B3C5AA00081A13 /* RecordTest */,
				AAAB13F922B3C5AA00081A13 /* Products */,
			);
			sourceTree = "<group>";
		};
		AAAB13F922B3C5AA00081A13 /* Products */ = {
			isa = PBXGroup;
			children = (
				AAAB13F822B3C5AA00081A13 /* RecordTest.app */,
			);
			name = Products;
			sourceTree = "<group>";
		};
		AAAB13FA22B3C5AA00081A13 /* RecordTest */ = {
			isa = PBXGroup;
			children = (
				AAAB13FB22B3C5AA00081A13 /* AppDelegate.swift */,
				AAAB13FD22B3C5AA00081A13 /* ViewController.swift */,
				AAAB13FF22B3C5AA00081A13 /* Main.storyboard */,
				AAAB140522B3C5AB00081A13 /* Assets.xcassets */,
				AAAB140722B3C5AB00081A13 /* LaunchScreen.storyboard */,
				AAAB140A22B3C5AC00081A13 /* Info.plist */,
				AAAB140222B3C5AA00081A13 /* RecordTest.xcdatamodeld */,
			);
			path = RecordTest;
			sourceTree = "<group>";
		};
/* End PBXGroup section */

/* Begin PBXNativeTarget section */
		AAAB13F722B3C5AA00081A13 /* RecordTest */ = {
			isa = PBXNativeTarget;
			buildConfigurationList = AAAB140D22B3C5AC00081A13 /* Build configuration list for PBXNativeTarget "RecordTest" */;
			buildPhases = (
				AAAB13F422B3C5AA00081A13 /* Sources */,
				AAAB13F522B3C5AA00081A13 /* Frameworks */,
				AAAB13F622B3C5AA00081A13 /* Resources */,
			);
			buildRules = (
			);
			dependencies = (
			);
			name = RecordTest;
			productName = RecordTest;
			productReference = AAAB13F822B3C5AA00081A13 /* RecordTest.app */;
			productType = "com.apple.product-type.application";
		};
/* End PBXNativeTarget section */

/* Begin PBXProject section */
		AAAB13F022B3C5AA00081A13 /* Project object */ = {
			isa = PBXProject;
			attributes = {
				LastSwiftUpdateCheck = 1020;
				LastUpgradeCheck = 1020;
				ORGANIZATIONNAME = "Steve Rustom";
				TargetAttributes = {
					AAAB13F722B3C5AA00081A13 = {
						CreatedOnToolsVersion = 10.2.1;
					};
				};
			};
			buildConfigurationList = AAAB13F322B3C5AA00081A13 /* Build configuration list for PBXProject "RecordTest" */;
			compatibilityVersion = "Xcode 9.3";
			developmentRegion = en;
			hasScannedForEncodings = 0;
			knownRegions = (
				en,
				Base,
			);
			mainGroup = AAAB13EF22B3C5AA00081A13;
			productRefGroup = AAAB13F922B3C5AA00081A13 /* Products */;
			projectDirPath = "";
			projectRoot = "";
			targets = (
				AAAB13F722B3C5AA00081A13 /* RecordTest */,
			);
		};
/* End PBXProject section */

/* Begin PBXResourcesBuildPhase section */
		AAAB13F622B3C5AA00081A13 /* Resources */ = {
			isa = PBXResourcesBuildPhase;
			buildActionMask = 2147483647;
			files = (
				AAAB140922B3C5AB00081A13 /* LaunchScreen.storyboard in Resources */,
				AAAB140622B3C5AB00081A13 /* Assets.xcassets in Resources */,
				AAAB140122B3C5AA00081A13 /* Main.storyboard in Resources */,
			);
			runOnlyForDeploymentPostprocessing = 0;
		};
/* End PBXResourcesBuildPhase section */

/* Begin PBXSourcesBuildPhase section */
		AAAB13F422B3C5AA00081A13 /* Sources */ = {
			isa = PBXSourcesBuildPhase;
			buildActionMask = 2147483647;
			files = (
				AAAB13FE22B3C5AA00081A13 /* ViewController.swift in Sources */,
				AAAB140422B3C5AA00081A13 /* RecordTest.xcdatamodeld in Sources */,
				AAAB13FC22B3C5AA00081A13 /* AppDelegate.swift in Sources */,
			);
			runOnlyForDeploymentPostprocessing = 0;
		};
/* End PBXSourcesBuildPhase section */

/* Begin PBXVariantGroup section */
		AAAB13FF22B3C5AA00081A13 /* Main.storyboard */ = {
			isa = PBXVariantGroup;
			children = (
				AAAB140022B3C5AA00081A13 /* Base */,
			);
			name = Main.storyboard;
			sourceTree = "<group>";
		};
		AAAB140722B3C5AB00081A13 /* LaunchScreen.storyboard */ = {
			isa = PBXVariantGroup;
			children = (
				AAAB140822B3C5AB00081A13 /* Base */,
			);
			name = LaunchScreen.storyboard;
			sourceTree = "<group>";
		};
/* End PBXVariantGroup section */

/* Begin XCBuildConfiguration section */
		AAAB140B22B3C5AC00081A13 /* Debug */ = {
			isa = XCBuildConfiguration;
			buildSettings = {
				ALWAYS_SEARCH_USER_PATHS = NO;
				CLANG_ANALYZER_NONNULL = YES;
				CLANG_ANALYZER_NUMBER_OBJECT_CONVERSION = YES_AGGRESSIVE;
				CLANG_CXX_LANGUAGE_STANDARD = "gnu++14";
				CLANG_CXX_LIBRARY = "libc++";
				CLANG_ENABLE_MODULES = YES;
				CLANG_ENABLE_OBJC_ARC = YES;
				CLANG_ENABLE_OBJC_WEAK = YES;
				CLANG_WARN_BLOCK_CAPTURE_AUTORELEASING = YES;
				CLANG_WARN_BOOL_CONVERSION = YES;
				CLANG_WARN_COMMA = YES;
				CLANG_WARN_CONSTANT_CONVERSION = YES;
				CLANG_WARN_DEPRECATED_OBJC_IMPLEMENTATIONS = YES;
				CLANG_WARN_DIRECT_OBJC_ISA_USAGE = YES_ERROR;
				CLANG_WARN_DOCUMENTATION_COMMENTS = YES;
				CLANG_WARN_EMPTY_BODY = YES;
				CLANG_WARN_ENUM_CONVERSION = YES;
				CLANG_WARN_INFINITE_RECURSION = YES;
				CLANG_WARN_INT_CONVERSION = YES;
				CLANG_WARN_NON_LITERAL_NULL_CONVERSION = YES;
				CLANG_WARN_OBJC_IMPLICIT_RETAIN_SELF = YES;
				CLANG_WARN_OBJC_LITERAL_CONVERSION = YES;
				CLANG_WARN_OBJC_ROOT_CLASS = YES_ERROR;
				CLANG_WARN_RANGE_LOOP_ANALYSIS = YES;
				CLANG_WARN_STRICT_PROTOTYPES = YES;
				CLANG_WARN_SUSPICIOUS_MOVE = YES;
				CLANG_WARN_UNGUARDED_AVAILABILITY = YES_AGGRESSIVE;
				CLANG_WARN_UNREACHABLE_CODE = YES;
				CLANG_WARN__DUPLICATE_METHOD_MATCH = YES;
				CODE_SIGN_IDENTITY = "iPhone Developer";
				COPY_PHASE_STRIP = NO;
				DEBUG_INFORMATION_FORMAT = dwarf;
				ENABLE_STRICT_OBJC_MSGSEND = YES;
				ENABLE_TESTABILITY = YES;
				GCC_C_LANGUAGE_STANDARD = gnu11;
				GCC_DYNAMIC_NO_PIC = NO;
				GCC_NO_COMMON_BLOCKS = YES;
				GCC_OPTIMIZATION_LEVEL = 0;
				GCC_PREPROCESSOR_DEFINITIONS = (
					"DEBUG=1",
					"$(inherited)",
				);
				GCC_WARN_64_TO_32_BIT_CONVERSION = YES;
				GCC_WARN_ABOUT_RETURN_TYPE = YES_ERROR;
				GCC_WARN_UNDECLARED_SELECTOR = YES;
				GCC_WARN_UNINITIALIZED_AUTOS = YES_AGGRESSIVE;
				GCC_WARN_UNUSED_FUNCTION = YES;
				GCC_WARN_UNUSED_VARIABLE = YES;
				IPHONEOS_DEPLOYMENT_TARGET = 12.2;
				MTL_ENABLE_DEBUG_INFO = INCLUDE_SOURCE;
				MTL_FAST_MATH = YES;
				ONLY_ACTIVE_ARCH = YES;
				SDKROOT = iphoneos;
				SWIFT_ACTIVE_COMPILATION_CONDITIONS = DEBUG;
				SWIFT_OPTIMIZATION_LEVEL = "-Onone";
			};
			name = Debug;
		};
		AAAB140C22B3C5AC00081A13 /* Release */ = {
			isa = XCBuildConfiguration;
			buildSettings = {
				ALWAYS_SEARCH_USER_PATHS = NO;
				CLANG_ANALYZER_NONNULL = YES;
				CLANG_ANALYZER_NUMBER_OBJECT_CONVERSION = YES_AGGRESSIVE;
				CLANG_CXX_LANGUAGE_STANDARD = "gnu++14";
				CLANG_CXX_LIBRARY = "libc++";
				CLANG_ENABLE_MODULES = YES;
				CLANG_ENABLE_OBJC_ARC = YES;
				CLANG_ENABLE_OBJC_WEAK = YES;
				CLANG_WARN_BLOCK_CAPTURE_AUTORELEASING = YES;
				CLANG_WARN_BOOL_CONVERSION = YES;
				CLANG_WARN_COMMA = YES;
				CLANG_WARN_CONSTANT_CONVERSION = YES;
				CLANG_WARN_DEPRECATED_OBJC_IMPLEMENTATIONS = YES;
				CLANG_WARN_DIRECT_OBJC_ISA_USAGE = YES_ERROR;
				CLANG_WARN_DOCUMENTATION_COMMENTS = YES;
				CLANG_WARN_EMPTY_BODY = YES;
				CLANG_WARN_ENUM_CONVERSION = YES;
				CLANG_WARN_INFINITE_RECURSION = YES;
				CLANG_WARN_INT_CONVERSION = YES;
				CLANG_WARN_NON_LITERAL_NULL_CONVERSION = YES;
				CLANG_WARN_OBJC_IMPLICIT_RETAIN_SELF = YES;
				CLANG_WARN_OBJC_LITERAL_CONVERSION = YES;
				CLANG_WARN_OBJC_ROOT_CLASS = YES_ERROR;
				CLANG_WARN_RANGE_LOOP_ANALYSIS = YES;
				CLANG_WARN_STRICT_PROTOTYPES = YES;
				CLANG_WARN_SUSPICIOUS_MOVE = YES;
				CLANG_WARN_UNGUARDED_AVAILABILITY = YES_AGGRESSIVE;
				CLANG_WARN_UNREACHABLE_CODE = YES;
				CLANG_WARN__DUPLICATE_METHOD_MATCH = YES;
				CODE_SIGN_IDENTITY = "iPhone Developer";
				COPY_PHASE_STRIP = NO;
				DEBUG_INFORMATION_FORMAT = "dwarf-with-dsym";
				ENABLE_NS_ASSERTIONS = NO;
				ENABLE_STRICT_OBJC_MSGSEND = YES;
				GCC_C_LANGUAGE_STANDARD = gnu11;
				GCC_NO_COMMON_BLOCKS = YES;
				GCC_WARN_64_TO_32_BIT_CONVERSION = YES;
				GCC_WARN_ABOUT_RETURN_TYPE = YES_ERROR;
				GCC_WARN_UNDECLARED_SELECTOR = YES;
				GCC_WARN_UNINITIALIZED_AUTOS = YES_AGGRESSIVE;
				GCC_WARN_UNUSED_FUNCTION = YES;
				GCC_WARN_UNUSED_VARIABLE = YES;
				IPHONEOS_DEPLOYMENT_TARGET = 12.2;
				MTL_ENABLE_DEBUG_INFO = NO;
				MTL_FAST_MATH = YES;
				SDKROOT = iphoneos;
				SWIFT_COMPILATION_MODE = wholemodule;
				SWIFT_OPTIMIZATION_LEVEL = "-O";
				VALIDATE_PRODUCT = YES;
			};
			name = Release;
		};
		AAAB140E22B3C5AC00081A13 /* Debug */ = {
			isa = XCBuildConfiguration;
			buildSettings = {
				ASSETCATALOG_COMPILER_APPICON_NAME = AppIcon;
				CODE_SIGN_STYLE = Automatic;
				DEVELOPMENT_TEAM = VB7392NN4K;
				INFOPLIST_FILE = RecordTest/Info.plist;
				LD_RUNPATH_SEARCH_PATHS = (
					"$(inherited)",
					"@executable_path/Frameworks",
				);
				PRODUCT_BUNDLE_IDENTIFIER = com.steverustom.RecordTest;
				PRODUCT_NAME = "$(TARGET_NAME)";
				SWIFT_VERSION = 5.0;
				TARGETED_DEVICE_FAMILY = "1,2";
			};
			name = Debug;
		};
		AAAB140F22B3C5AC00081A13 /* Release */ = {
			isa = XCBuildConfiguration;
			buildSettings = {
				ASSETCATALOG_COMPILER_APPICON_NAME = AppIcon;
				CODE_SIGN_STYLE = Automatic;
				DEVELOPMENT_TEAM = VB7392NN4K;
				INFOPLIST_FILE = RecordTest/Info.plist;
				LD_RUNPATH_SEARCH_PATHS = (
					"$(inherited)",
					"@executable_path/Frameworks",
				);
				PRODUCT_BUNDLE_IDENTIFIER = com.steverustom.RecordTest;
				PRODUCT_NAME = "$(TARGET_NAME)";
				SWIFT_VERSION = 5.0;
				TARGETED_DEVICE_FAMILY = "1,2";
			};
			name = Release;
		};
/* End XCBuildConfiguration section */

/* Begin XCConfigurationList section */
		AAAB13F322B3C5AA00081A13 /* Build configuration list for PBXProject "RecordTest" */ = {
			isa = XCConfigurationList;
			buildConfigurations = (
				AAAB140B22B3C5AC00081A13 /* Debug */,
				AAAB140C22B3C5AC00081A13 /* Release */,
			);
			defaultConfigurationIsVisible = 0;
			defaultConfigurationName = Release;
		};
		AAAB140D22B3C5AC00081A13 /* Build configuration list for PBXNativeTarget "RecordTest" */ = {
			isa = XCConfigurationList;
			buildConfigurations = (
				AAAB140E22B3C5AC00081A13 /* Debug */,
				AAAB140F22B3C5AC00081A13 /* Release */,
			);
			defaultConfigurationIsVisible = 0;
			defaultConfigurationName = Release;
		};
/* End XCConfigurationList section */

/* Begin XCVersionGroup section */
		AAAB140222B3C5AA00081A13 /* RecordTest.xcdatamodeld */ = {
			isa = XCVersionGroup;
			children = (
				AAAB140322B3C5AA00081A13 /* RecordTest.xcdatamodel */,
			);
			currentVersion = AAAB140322B3C5AA00081A13 /* RecordTest.xcdatamodel */;
			path = RecordTest.xcdatamodeld;
			sourceTree = "<group>";
			versionGroupType = wrapper.xcdatamodel;
		};
/* End XCVersionGroup section */
	};
	rootObject = AAAB13F022B3C5AA00081A13 /* Project object */;
}
